// !$*UTF8*$!
{
	archiveVersion = 1;
	classes = {
	};
	objectVersion = 50;
	objects = {

/* Begin PBXBuildFile section */
		5CD54720DD258D4E4CF02B69 /* Pods_videotune.framework in Frameworks */ = {isa = PBXBuildFile; fileRef = 64B7B297A427CF3E468837A1 /* Pods_videotune.framework */; };
		8411ACFC2263337E0056BA6C /* AppDelegate.swift in Sources */ = {isa = PBXBuildFile; fileRef = 8411ACFB2263337E0056BA6C /* AppDelegate.swift */; };
		8411ACFE2263337E0056BA6C /* ViewController.swift in Sources */ = {isa = PBXBuildFile; fileRef = 8411ACFD2263337E0056BA6C /* ViewController.swift */; };
		8411AD012263337E0056BA6C /* Main.storyboard in Resources */ = {isa = PBXBuildFile; fileRef = 8411ACFF2263337E0056BA6C /* Main.storyboard */; };
		8411AD03226333800056BA6C /* Assets.xcassets in Resources */ = {isa = PBXBuildFile; fileRef = 8411AD02226333800056BA6C /* Assets.xcassets */; };
		8411AD06226333800056BA6C /* LaunchScreen.storyboard in Resources */ = {isa = PBXBuildFile; fileRef = 8411AD04226333800056BA6C /* LaunchScreen.storyboard */; };
/* End PBXBuildFile section */

/* Begin PBXFileReference section */
		2AF4D74BA8954D9C957CA2C8 /* Pods-videotune.release.xcconfig */ = {isa = PBXFileReference; includeInIndex = 1; lastKnownFileType = text.xcconfig; name = "Pods-videotune.release.xcconfig"; path = "Target Support Files/Pods-videotune/Pods-videotune.release.xcconfig"; sourceTree = "<group>"; };
		4E1BD90F1DDC9122ED89804C /* Pods-videotune.debug.xcconfig */ = {isa = PBXFileReference; includeInIndex = 1; lastKnownFileType = text.xcconfig; name = "Pods-videotune.debug.xcconfig"; path = "Target Support Files/Pods-videotune/Pods-videotune.debug.xcconfig"; sourceTree = "<group>"; };
		64B7B297A427CF3E468837A1 /* Pods_videotune.framework */ = {isa = PBXFileReference; explicitFileType = wrapper.framework; includeInIndex = 0; path = Pods_videotune.framework; sourceTree = BUILT_PRODUCTS_DIR; };
		8411ACF82263337E0056BA6C /* videotune.app */ = {isa = PBXFileReference; explicitFileType = wrapper.application; includeInIndex = 0; path = videotune.app; sourceTree = BUILT_PRODUCTS_DIR; };
		8411ACFB2263337E0056BA6C /* AppDelegate.swift */ = {isa = PBXFileReference; lastKnownFileType = sourcecode.swift; path = AppDelegate.swift; sourceTree = "<group>"; };
		8411ACFD2263337E0056BA6C /* ViewController.swift */ = {isa = PBXFileReference; lastKnownFileType = sourcecode.swift; path = ViewController.swift; sourceTree = "<group>"; };
		8411AD002263337E0056BA6C /* Base */ = {isa = PBXFileReference; lastKnownFileType = file.storyboard; name = Base; path = Base.lproj/Main.storyboard; sourceTree = "<group>"; };
		8411AD02226333800056BA6C /* Assets.xcassets */ = {isa = PBXFileReference; lastKnownFileType = folder.assetcatalog; path = Assets.xcassets; sourceTree = "<group>"; };
		8411AD05226333800056BA6C /* Base */ = {isa = PBXFileReference; lastKnownFileType = file.storyboard; name = Base; path = Base.lproj/LaunchScreen.storyboard; sourceTree = "<group>"; };
		8411AD07226333800056BA6C /* Info.plist */ = {isa = PBXFileReference; lastKnownFileType = text.plist.xml; path = Info.plist; sourceTree = "<group>"; };
/* End PBXFileReference section */

/* Begin PBXFrameworksBuildPhase section */
		8411ACF52263337E0056BA6C /* Frameworks */ = {
			isa = PBXFrameworksBuildPhase;
			buildActionMask = 2147483647;
			files = (
				5CD54720DD258D4E4CF02B69 /* Pods_videotune.framework in Frameworks */,
			);
			runOnlyForDeploymentPostprocessing = 0;
		};
/* End PBXFrameworksBuildPhase section */

/* Begin PBXGroup section */
		0E7A8AE5502A8009148ECDBB /* Pods */ = {
			isa = PBXGroup;
			children = (
				4E1BD90F1DDC9122ED89804C /* Pods-videotune.debug.xcconfig */,
				2AF4D74BA8954D9C957CA2C8 /* Pods-videotune.release.xcconfig */,
			);
			name = Pods;
			path = Pods;
			sourceTree = "<group>";
		};
		309ED4366B42476772AB2287 /* Frameworks */ = {
			isa = PBXGroup;
			children = (
				64B7B297A427CF3E468837A1 /* Pods_videotune.framework */,
			);
			name = Frameworks;
			sourceTree = "<group>";
		};
		8411ACEF2263337E0056BA6C = {
			isa = PBXGroup;
			children = (
				8411ACFA2263337E0056BA6C /* videotune */,
				8411ACF92263337E0056BA6C /* Products */,
				0E7A8AE5502A8009148ECDBB /* Pods */,
				309ED4366B42476772AB2287 /* Frameworks */,
			);
			sourceTree = "<group>";
		};
		8411ACF92263337E0056BA6C /* Products */ = {
			isa = PBXGroup;
			children = (
				8411ACF82263337E0056BA6C /* videotune.app */,
			);
			name = Products;
			sourceTree = "<group>";
		};
		8411ACFA2263337E0056BA6C /* videotune */ = {
			isa = PBXGroup;
			children = (
				8411ACFB2263337E0056BA6C /* AppDelegate.swift */,
				8411ACFD2263337E0056BA6C /* ViewController.swift */,
				8411ACFF2263337E0056BA6C /* Main.storyboard */,
				8411AD02226333800056BA6C /* Assets.xcassets */,
				8411AD04226333800056BA6C /* LaunchScreen.storyboard */,
				8411AD07226333800056BA6C /* Info.plist */,
			);
			path = videotune;
			sourceTree = "<group>";
		};
/* End PBXGroup section */

/* Begin PBXNativeTarget section */
		8411ACF72263337E0056BA6C /* videotune */ = {
			isa = PBXNativeTarget;
			buildConfigurationList = 8411AD0A226333800056BA6C /* Build configuration list for PBXNativeTarget "videotune" */;
			buildPhases = (
				F4AF9EC5AF072E3873E96C0A /* [CP] Check Pods Manifest.lock */,
				8411ACF42263337E0056BA6C /* Sources */,
				8411ACF52263337E0056BA6C /* Frameworks */,
				8411ACF62263337E0056BA6C /* Resources */,
				BD37D85A016096BE07728C7E /* [CP] Embed Pods Frameworks */,
			);
			buildRules = (
			);
			dependencies = (
			);
			name = videotune;
			productName = videotune;
			productReference = 8411ACF82263337E0056BA6C /* videotune.app */;
			productType = "com.apple.product-type.application";
		};
/* End PBXNativeTarget section */

/* Begin PBXProject section */
		8411ACF02263337E0056BA6C /* Project object */ = {
			isa = PBXProject;
			attributes = {
				LastSwiftUpdateCheck = 1020;
				LastUpgradeCheck = 1020;
				ORGANIZATIONNAME = professional;
				TargetAttributes = {
					8411ACF72263337E0056BA6C = {
						CreatedOnToolsVersion = 10.2;
					};
				};
			};
			buildConfigurationList = 8411ACF32263337E0056BA6C /* Build configuration list for PBXProject "videotune" */;
			compatibilityVersion = "Xcode 9.3";
			developmentRegion = en;
			hasScannedForEncodings = 0;
			knownRegions = (
				en,
				Base,
			);
			mainGroup = 8411ACEF2263337E0056BA6C;
			productRefGroup = 8411ACF92263337E0056BA6C /* Products */;
			projectDirPath = "";
			projectRoot = "";
			targets = (
				8411ACF72263337E0056BA6C /* videotune */,
			);
		};
/* End PBXProject section */

/* Begin PBXResourcesBuildPhase section */
		8411ACF62263337E0056BA6C /* Resources */ = {
			isa = PBXResourcesBuildPhase;
			buildActionMask = 2147483647;
			files = (
				8411AD06226333800056BA6C /* LaunchScreen.storyboard in Resources */,
				8411AD03226333800056BA6C /* Assets.xcassets in Resources */,
				8411AD012263337E0056BA6C /* Main.storyboard in Resources */,
			);
			runOnlyForDeploymentPostprocessing = 0;
		};
/* End PBXResourcesBuildPhase section */

/* Begin PBXShellScriptBuildPhase section */
		BD37D85A016096BE07728C7E /* [CP] Embed Pods Frameworks */ = {
			isa = PBXShellScriptBuildPhase;
			buildActionMask = 2147483647;
			files = (
			);
			inputFileListPaths = (
			);
			inputPaths = (
				"${PODS_ROOT}/Target Support Files/Pods-videotune/Pods-videotune-frameworks.sh",
				"${BUILT_PRODUCTS_DIR}/YouTubePlayer-Swift/YouTubePlayer_Swift.framework",
			);
			name = "[CP] Embed Pods Frameworks";
			outputFileListPaths = (
			);
			outputPaths = (
				"${TARGET_BUILD_DIR}/${FRAMEWORKS_FOLDER_PATH}/YouTubePlayer_Swift.framework",
			);
			runOnlyForDeploymentPostprocessing = 0;
			shellPath = /bin/sh;
			shellScript = "\"${PODS_ROOT}/Target Support Files/Pods-videotune/Pods-videotune-frameworks.sh\"\n";
			showEnvVarsInLog = 0;
		};
		F4AF9EC5AF072E3873E96C0A /* [CP] Check Pods Manifest.lock */ = {
			isa = PBXShellScriptBuildPhase;
			buildActionMask = 2147483647;
			files = (
			);
			inputFileListPaths = (
			);
			inputPaths = (
				"${PODS_PODFILE_DIR_PATH}/Podfile.lock",
				"${PODS_ROOT}/Manifest.lock",
			);
			name = "[CP] Check Pods Manifest.lock";
			outputFileListPaths = (
			);
			outputPaths = (
				"$(DERIVED_FILE_DIR)/Pods-videotune-checkManifestLockResult.txt",
			);
			runOnlyForDeploymentPostprocessing = 0;
			shellPath = /bin/sh;
			shellScript = "diff \"${PODS_PODFILE_DIR_PATH}/Podfile.lock\" \"${PODS_ROOT}/Manifest.lock\" > /dev/null\nif [ $? != 0 ] ; then\n    # print error to STDERR\n    echo \"error: The sandbox is not in sync with the Podfile.lock. Run 'pod install' or update your CocoaPods installation.\" >&2\n    exit 1\nfi\n# This output is used by Xcode 'outputs' to avoid re-running this script phase.\necho \"SUCCESS\" > \"${SCRIPT_OUTPUT_FILE_0}\"\n";
			showEnvVarsInLog = 0;
		};
/* End PBXShellScriptBuildPhase section */

/* Begin PBXSourcesBuildPhase section */
		8411ACF42263337E0056BA6C /* Sources */ = {
			isa = PBXSourcesBuildPhase;
			buildActionMask = 2147483647;
			files = (
				8411ACFE2263337E0056BA6C /* ViewController.swift in Sources */,
				8411ACFC2263337E0056BA6C /* AppDelegate.swift in Sources */,
			);
			runOnlyForDeploymentPostprocessing = 0;
		};
/* End PBXSourcesBuildPhase section */

/* Begin PBXVariantGroup section */
		8411ACFF2263337E0056BA6C /* Main.storyboard */ = {
			isa = PBXVariantGroup;
			children = (
				8411AD002263337E0056BA6C /* Base */,
			);
			name = Main.storyboard;
			sourceTree = "<group>";
		};
		8411AD04226333800056BA6C /* LaunchScreen.storyboard */ = {
			isa = PBXVariantGroup;
			children = (
				8411AD05226333800056BA6C /* Base */,
			);
			name = LaunchScreen.storyboard;
			sourceTree = "<group>";
		};
/* End PBXVariantGroup section */

/* Begin XCBuildConfiguration section */
		8411AD08226333800056BA6C /* Debug */ = {
			isa = XCBuildConfiguration;
			buildSettings = {
				ALWAYS_SEARCH_USER_PATHS = NO;
				CLANG_ANALYZER_NONNULL = YES;
				CLANG_ANALYZER_NUMBER_OBJECT_CONVERSION = YES_AGGRESSIVE;
				CLANG_CXX_LANGUAGE_STANDARD = "gnu++14";
				CLANG_CXX_LIBRARY = "libc++";
				CLANG_ENABLE_MODULES = YES;
				CLANG_ENABLE_OBJC_ARC = YES;
				CLANG_ENABLE_OBJC_WEAK = YES;
				CLANG_WARN_BLOCK_CAPTURE_AUTORELEASING = YES;
				CLANG_WARN_BOOL_CONVERSION = YES;
				CLANG_WARN_COMMA = YES;
				CLANG_WARN_CONSTANT_CONVERSION = YES;
				CLANG_WARN_DEPRECATED_OBJC_IMPLEMENTATIONS = YES;
				CLANG_WARN_DIRECT_OBJC_ISA_USAGE = YES_ERROR;
				CLANG_WARN_DOCUMENTATION_COMMENTS = YES;
				CLANG_WARN_EMPTY_BODY = YES;
				CLANG_WARN_ENUM_CONVERSION = YES;
				CLANG_WARN_INFINITE_RECURSION = YES;
				CLANG_WARN_INT_CONVERSION = YES;
				CLANG_WARN_NON_LITERAL_NULL_CONVERSION = YES;
				CLANG_WARN_OBJC_IMPLICIT_RETAIN_SELF = YES;
				CLANG_WARN_OBJC_LITERAL_CONVERSION = YES;
				CLANG_WARN_OBJC_ROOT_CLASS = YES_ERROR;
				CLANG_WARN_RANGE_LOOP_ANALYSIS = YES;
				CLANG_WARN_STRICT_PROTOTYPES = YES;
				CLANG_WARN_SUSPICIOUS_MOVE = YES;
				CLANG_WARN_UNGUARDED_AVAILABILITY = YES_AGGRESSIVE;
				CLANG_WARN_UNREACHABLE_CODE = YES;
				CLANG_WARN__DUPLICATE_METHOD_MATCH = YES;
				CODE_SIGN_IDENTITY = "iPhone Developer";
				COPY_PHASE_STRIP = NO;
				DEBUG_INFORMATION_FORMAT = dwarf;
				ENABLE_STRICT_OBJC_MSGSEND = YES;
				ENABLE_TESTABILITY = YES;
				GCC_C_LANGUAGE_STANDARD = gnu11;
				GCC_DYNAMIC_NO_PIC = NO;
				GCC_NO_COMMON_BLOCKS = YES;
				GCC_OPTIMIZATION_LEVEL = 0;
				GCC_PREPROCESSOR_DEFINITIONS = (
					"DEBUG=1",
					"$(inherited)",
				);
				GCC_WARN_64_TO_32_BIT_CONVERSION = YES;
				GCC_WARN_ABOUT_RETURN_TYPE = YES_ERROR;
				GCC_WARN_UNDECLARED_SELECTOR = YES;
				GCC_WARN_UNINITIALIZED_AUTOS = YES_AGGRESSIVE;
				GCC_WARN_UNUSED_FUNCTION = YES;
				GCC_WARN_UNUSED_VARIABLE = YES;
				IPHONEOS_DEPLOYMENT_TARGET = 12.2;
				MTL_ENABLE_DEBUG_INFO = INCLUDE_SOURCE;
				MTL_FAST_MATH = YES;
				ONLY_ACTIVE_ARCH = YES;
				SDKROOT = iphoneos;
				SWIFT_ACTIVE_COMPILATION_CONDITIONS = DEBUG;
				SWIFT_OPTIMIZATION_LEVEL = "-Onone";
			};
			name = Debug;
		};
		8411AD09226333800056BA6C /* Release */ = {
			isa = XCBuildConfiguration;
			buildSettings = {
				ALWAYS_SEARCH_USER_PATHS = NO;
				CLANG_ANALYZER_NONNULL = YES;
				CLANG_ANALYZER_NUMBER_OBJECT_CONVERSION = YES_AGGRESSIVE;
				CLANG_CXX_LANGUAGE_STANDARD = "gnu++14";
				CLANG_CXX_LIBRARY = "libc++";
				CLANG_ENABLE_MODULES = YES;
				CLANG_ENABLE_OBJC_ARC = YES;
				CLANG_ENABLE_OBJC_WEAK = YES;
				CLANG_WARN_BLOCK_CAPTURE_AUTORELEASING = YES;
				CLANG_WARN_BOOL_CONVERSION = YES;
				CLANG_WARN_COMMA = YES;
				CLANG_WARN_CONSTANT_CONVERSION = YES;
				CLANG_WARN_DEPRECATED_OBJC_IMPLEMENTATIONS = YES;
				CLANG_WARN_DIRECT_OBJC_ISA_USAGE = YES_ERROR;
				CLANG_WARN_DOCUMENTATION_COMMENTS = YES;
				CLANG_WARN_EMPTY_BODY = YES;
				CLANG_WARN_ENUM_CONVERSION = YES;
				CLANG_WARN_INFINITE_RECURSION = YES;
				CLANG_WARN_INT_CONVERSION = YES;
				CLANG_WARN_NON_LITERAL_NULL_CONVERSION = YES;
				CLANG_WARN_OBJC_IMPLICIT_RETAIN_SELF = YES;
				CLANG_WARN_OBJC_LITERAL_CONVERSION = YES;
				CLANG_WARN_OBJC_ROOT_CLASS = YES_ERROR;
				CLANG_WARN_RANGE_LOOP_ANALYSIS = YES;
				CLANG_WARN_STRICT_PROTOTYPES = YES;
				CLANG_WARN_SUSPICIOUS_MOVE = YES;
				CLANG_WARN_UNGUARDED_AVAILABILITY = YES_AGGRESSIVE;
				CLANG_WARN_UNREACHABLE_CODE = YES;
				CLANG_WARN__DUPLICATE_METHOD_MATCH = YES;
				CODE_SIGN_IDENTITY = "iPhone Developer";
				COPY_PHASE_STRIP = NO;
				DEBUG_INFORMATION_FORMAT = "dwarf-with-dsym";
				ENABLE_NS_ASSERTIONS = NO;
				ENABLE_STRICT_OBJC_MSGSEND = YES;
				GCC_C_LANGUAGE_STANDARD = gnu11;
				GCC_NO_COMMON_BLOCKS = YES;
				GCC_WARN_64_TO_32_BIT_CONVERSION = YES;
				GCC_WARN_ABOUT_RETURN_TYPE = YES_ERROR;
				GCC_WARN_UNDECLARED_SELECTOR = YES;
				GCC_WARN_UNINITIALIZED_AUTOS = YES_AGGRESSIVE;
				GCC_WARN_UNUSED_FUNCTION = YES;
				GCC_WARN_UNUSED_VARIABLE = YES;
				IPHONEOS_DEPLOYMENT_TARGET = 12.2;
				MTL_ENABLE_DEBUG_INFO = NO;
				MTL_FAST_MATH = YES;
				SDKROOT = iphoneos;
				SWIFT_COMPILATION_MODE = wholemodule;
				SWIFT_OPTIMIZATION_LEVEL = "-O";
				VALIDATE_PRODUCT = YES;
			};
			name = Release;
		};
		8411AD0B226333800056BA6C /* Debug */ = {
			isa = XCBuildConfiguration;
			baseConfigurationReference = 4E1BD90F1DDC9122ED89804C /* Pods-videotune.debug.xcconfig */;
			buildSettings = {
				ASSETCATALOG_COMPILER_APPICON_NAME = AppIcon;
				CODE_SIGN_STYLE = Automatic;
				INFOPLIST_FILE = videotune/Info.plist;
				LD_RUNPATH_SEARCH_PATHS = (
					"$(inherited)",
					"@executable_path/Frameworks",
				);
				PRODUCT_BUNDLE_IDENTIFIER = com.mihir.videotune;
				PRODUCT_NAME = "$(TARGET_NAME)";
				SWIFT_VERSION = 5.0;
				TARGETED_DEVICE_FAMILY = "1,2";
			};
			name = Debug;
		};
		8411AD0C226333800056BA6C /* Release */ = {
			isa = XCBuildConfiguration;
			baseConfigurationReference = 2AF4D74BA8954D9C957CA2C8 /* Pods-videotune.release.xcconfig */;
			buildSettings = {
				ASSETCATALOG_COMPILER_APPICON_NAME = AppIcon;
				CODE_SIGN_STYLE = Automatic;
				INFOPLIST_FILE = videotune/Info.plist;
				LD_RUNPATH_SEARCH_PATHS = (
					"$(inherited)",
					"@executable_path/Frameworks",
				);
				PRODUCT_BUNDLE_IDENTIFIER = com.mihir.videotune;
				PRODUCT_NAME = "$(TARGET_NAME)";
				SWIFT_VERSION = 5.0;
				TARGETED_DEVICE_FAMILY = "1,2";
			};
			name = Release;
		};
/* End XCBuildConfiguration section */

/* Begin XCConfigurationList section */
		8411ACF32263337E0056BA6C /* Build configuration list for PBXProject "videotune" */ = {
			isa = XCConfigurationList;
			buildConfigurations = (
				8411AD08226333800056BA6C /* Debug */,
				8411AD09226333800056BA6C /* Release */,
			);
			defaultConfigurationIsVisible = 0;
			defaultConfigurationName = Release;
		};
		8411AD0A226333800056BA6C /* Build configuration list for PBXNativeTarget "videotune" */ = {
			isa = XCConfigurationList;
			buildConfigurations = (
				8411AD0B226333800056BA6C /* Debug */,
				8411AD0C226333800056BA6C /* Release */,
			);
			defaultConfigurationIsVisible = 0;
			defaultConfigurationName = Release;
		};
/* End XCConfigurationList section */
	};
	rootObject = 8411ACF02263337E0056BA6C /* Project object */;
}
